
Microsoft Visual Studio Solution File, Format Version 12.00
# Visual Studio Version 17
VisualStudioVersion = 17.8.34316.72
MinimumVisualStudioVersion = 10.0.40219.1
Project("{9A19103F-16F7-4668-BE54-9A1E7A4F7556}") = "StockTracker", "StockTracker.csproj", "{951C6D42-FDC5-452C-8864-B09ABFE519D6}"
EndProject
Project("{FAE04EC0-301F-11D3-BF4B-00C04F79EFBC}") = "StockTracker.Tests", "..\StockTracker.Tests\StockTracker.Tests.csproj", "{BFE831C8-9AB7-4D85-B910-7254DE9D621B}"
EndProject
Global
	GlobalSection(SolutionConfigurationPlatforms) = preSolution
		Debug|Any CPU = Debug|Any CPU
		Release|Any CPU = Release|Any CPU
	EndGlobalSection
	GlobalSection(ProjectConfigurationPlatforms) = postSolution
		{951C6D42-FDC5-452C-8864-B09ABFE519D6}.Debug|Any CPU.ActiveCfg = Debug|Any CPU
		{951C6D42-FDC5-452C-8864-B09ABFE519D6}.Debug|Any CPU.Build.0 = Debug|Any CPU
		{951C6D42-FDC5-452C-8864-B09ABFE519D6}.Release|Any CPU.ActiveCfg = Release|Any CPU
		{951C6D42-FDC5-452C-8864-B09ABFE519D6}.Release|Any CPU.Build.0 = Release|Any CPU
		{BFE831C8-9AB7-4D85-B910-7254DE9D621B}.Debug|Any CPU.ActiveCfg = Debug|Any CPU
		{BFE831C8-9AB7-4D85-B910-7254DE9D621B}.Debug|Any CPU.Build.0 = Debug|Any CPU
		{BFE831C8-9AB7-4D85-B910-7254DE9D621B}.Release|Any CPU.ActiveCfg = Release|Any CPU
		{BFE831C8-9AB7-4D85-B910-7254DE9D621B}.Release|Any CPU.Build.0 = Release|Any CPU
	EndGlobalSection
	GlobalSection(SolutionProperties) = preSolution
		HideSolutionNode = FALSE
	EndGlobalSection
	GlobalSection(ExtensibilityGlobals) = postSolution
		SolutionGuid = {7D4D5D29-AD66-4DC1-9B04-B0C505827509}
	EndGlobalSection
EndGlobal
